// !$*UTF8*$!
{
	archiveVersion = 1;
	classes = {
	};
	objectVersion = 51;
	objects = {

/* Begin PBXBuildFile section */
		0A5AFDFD244C81550071B0F3 /* style.json in Resources */ = {isa = PBXBuildFile; fileRef = 0A5AFDFC244C806B0071B0F3 /* style.json */; };
		0AB094E2244C2CA500712978 /* AppDelegate.swift in Sources */ = {isa = PBXBuildFile; fileRef = 0AB094E1244C2CA500712978 /* AppDelegate.swift */; };
		0AB094E4244C2CA500712978 /* SceneDelegate.swift in Sources */ = {isa = PBXBuildFile; fileRef = 0AB094E3244C2CA500712978 /* SceneDelegate.swift */; };
		0AB094E6244C2CA500712978 /* ViewController.swift in Sources */ = {isa = PBXBuildFile; fileRef = 0AB094E5244C2CA500712978 /* ViewController.swift */; };
		0AB094E9244C2CA500712978 /* Main.storyboard in Resources */ = {isa = PBXBuildFile; fileRef = 0AB094E7244C2CA500712978 /* Main.storyboard */; };
		0AB094EB244C2CA700712978 /* Assets.xcassets in Resources */ = {isa = PBXBuildFile; fileRef = 0AB094EA244C2CA700712978 /* Assets.xcassets */; };
		0AB094EE244C2CA700712978 /* LaunchScreen.storyboard in Resources */ = {isa = PBXBuildFile; fileRef = 0AB094EC244C2CA700712978 /* LaunchScreen.storyboard */; };
		0AB094F9244C2CA700712978 /* mapnotestTests.swift in Sources */ = {isa = PBXBuildFile; fileRef = 0AB094F8244C2CA700712978 /* mapnotestTests.swift */; };
		0AB09504244C2CA700712978 /* mapnotestUITests.swift in Sources */ = {isa = PBXBuildFile; fileRef = 0AB09503244C2CA700712978 /* mapnotestUITests.swift */; };
		4C66A03F85EAFB10AD2CD0C2 /* Pods_mapnotestTests.framework in Frameworks */ = {isa = PBXBuildFile; fileRef = DEF253C0C9EAA49ED689FD65 /* Pods_mapnotestTests.framework */; };
		D846B4A90A6981D159FEA136 /* Pods_mapnotest.framework in Frameworks */ = {isa = PBXBuildFile; fileRef = C024030B8AD0FCC35E33A873 /* Pods_mapnotest.framework */; };
		F53FF9974C23951D46608BA6 /* Pods_mapnotest_mapnotestUITests.framework in Frameworks */ = {isa = PBXBuildFile; fileRef = BB1C1036023BA4710F956589 /* Pods_mapnotest_mapnotestUITests.framework */; };
/* End PBXBuildFile section */

/* Begin PBXContainerItemProxy section */
		0AB094F5244C2CA700712978 /* PBXContainerItemProxy */ = {
			isa = PBXContainerItemProxy;
			containerPortal = 0AB094D6244C2CA500712978 /* Project object */;
			proxyType = 1;
			remoteGlobalIDString = 0AB094DD244C2CA500712978;
			remoteInfo = mapnotest;
		};
		0AB09500244C2CA700712978 /* PBXContainerItemProxy */ = {
			isa = PBXContainerItemProxy;
			containerPortal = 0AB094D6244C2CA500712978 /* Project object */;
			proxyType = 1;
			remoteGlobalIDString = 0AB094DD244C2CA500712978;
			remoteInfo = mapnotest;
		};
/* End PBXContainerItemProxy section */

/* Begin PBXFileReference section */
		0246AC116AF253F83106FA98 /* Pods-mapnotestTests.debug.xcconfig */ = {isa = PBXFileReference; includeInIndex = 1; lastKnownFileType = text.xcconfig; name = "Pods-mapnotestTests.debug.xcconfig"; path = "Target Support Files/Pods-mapnotestTests/Pods-mapnotestTests.debug.xcconfig"; sourceTree = "<group>"; };
		0A5AFDFC244C806B0071B0F3 /* style.json */ = {isa = PBXFileReference; lastKnownFileType = text.json; path = style.json; sourceTree = "<group>"; };
		0AB094DE244C2CA500712978 /* mapnotest.app */ = {isa = PBXFileReference; explicitFileType = wrapper.application; includeInIndex = 0; path = mapnotest.app; sourceTree = BUILT_PRODUCTS_DIR; };
		0AB094E1244C2CA500712978 /* AppDelegate.swift */ = {isa = PBXFileReference; lastKnownFileType = sourcecode.swift; path = AppDelegate.swift; sourceTree = "<group>"; };
		0AB094E3244C2CA500712978 /* SceneDelegate.swift */ = {isa = PBXFileReference; lastKnownFileType = sourcecode.swift; path = SceneDelegate.swift; sourceTree = "<group>"; };
		0AB094E5244C2CA500712978 /* ViewController.swift */ = {isa = PBXFileReference; lastKnownFileType = sourcecode.swift; path = ViewController.swift; sourceTree = "<group>"; };
		0AB094E8244C2CA500712978 /* Base */ = {isa = PBXFileReference; lastKnownFileType = file.storyboard; name = Base; path = Base.lproj/Main.storyboard; sourceTree = "<group>"; };
		0AB094EA244C2CA700712978 /* Assets.xcassets */ = {isa = PBXFileReference; lastKnownFileType = folder.assetcatalog; path = Assets.xcassets; sourceTree = "<group>"; };
		0AB094ED244C2CA700712978 /* Base */ = {isa = PBXFileReference; lastKnownFileType = file.storyboard; name = Base; path = Base.lproj/LaunchScreen.storyboard; sourceTree = "<group>"; };
		0AB094EF244C2CA700712978 /* Info.plist */ = {isa = PBXFileReference; lastKnownFileType = text.plist.xml; path = Info.plist; sourceTree = "<group>"; };
		0AB094F4244C2CA700712978 /* mapnotestTests.xctest */ = {isa = PBXFileReference; explicitFileType = wrapper.cfbundle; includeInIndex = 0; path = mapnotestTests.xctest; sourceTree = BUILT_PRODUCTS_DIR; };
		0AB094F8244C2CA700712978 /* mapnotestTests.swift */ = {isa = PBXFileReference; lastKnownFileType = sourcecode.swift; path = mapnotestTests.swift; sourceTree = "<group>"; };
		0AB094FA244C2CA700712978 /* Info.plist */ = {isa = PBXFileReference; lastKnownFileType = text.plist.xml; path = Info.plist; sourceTree = "<group>"; };
		0AB094FF244C2CA700712978 /* mapnotestUITests.xctest */ = {isa = PBXFileReference; explicitFileType = wrapper.cfbundle; includeInIndex = 0; path = mapnotestUITests.xctest; sourceTree = BUILT_PRODUCTS_DIR; };
		0AB09503244C2CA700712978 /* mapnotestUITests.swift */ = {isa = PBXFileReference; lastKnownFileType = sourcecode.swift; path = mapnotestUITests.swift; sourceTree = "<group>"; };
		0AB09505244C2CA700712978 /* Info.plist */ = {isa = PBXFileReference; lastKnownFileType = text.plist.xml; path = Info.plist; sourceTree = "<group>"; };
		6CF95CDF9A209D4B611E7100 /* Pods-mapnotest.debug.xcconfig */ = {isa = PBXFileReference; includeInIndex = 1; lastKnownFileType = text.xcconfig; name = "Pods-mapnotest.debug.xcconfig"; path = "Target Support Files/Pods-mapnotest/Pods-mapnotest.debug.xcconfig"; sourceTree = "<group>"; };
		7D65C8D4F7F7B4064CCF1FF2 /* Pods-mapnotest-mapnotestUITests.debug.xcconfig */ = {isa = PBXFileReference; includeInIndex = 1; lastKnownFileType = text.xcconfig; name = "Pods-mapnotest-mapnotestUITests.debug.xcconfig"; path = "Target Support Files/Pods-mapnotest-mapnotestUITests/Pods-mapnotest-mapnotestUITests.debug.xcconfig"; sourceTree = "<group>"; };
		98CA1CA9C74902BE75B7769A /* Pods-mapnotest.release.xcconfig */ = {isa = PBXFileReference; includeInIndex = 1; lastKnownFileType = text.xcconfig; name = "Pods-mapnotest.release.xcconfig"; path = "Target Support Files/Pods-mapnotest/Pods-mapnotest.release.xcconfig"; sourceTree = "<group>"; };
		BB1C1036023BA4710F956589 /* Pods_mapnotest_mapnotestUITests.framework */ = {isa = PBXFileReference; explicitFileType = wrapper.framework; includeInIndex = 0; path = Pods_mapnotest_mapnotestUITests.framework; sourceTree = BUILT_PRODUCTS_DIR; };
		C024030B8AD0FCC35E33A873 /* Pods_mapnotest.framework */ = {isa = PBXFileReference; explicitFileType = wrapper.framework; includeInIndex = 0; path = Pods_mapnotest.framework; sourceTree = BUILT_PRODUCTS_DIR; };
		D3117C996949CF273EA2A1F5 /* Pods-mapnotestTests.release.xcconfig */ = {isa = PBXFileReference; includeInIndex = 1; lastKnownFileType = text.xcconfig; name = "Pods-mapnotestTests.release.xcconfig"; path = "Target Support Files/Pods-mapnotestTests/Pods-mapnotestTests.release.xcconfig"; sourceTree = "<group>"; };
		DEF253C0C9EAA49ED689FD65 /* Pods_mapnotestTests.framework */ = {isa = PBXFileReference; explicitFileType = wrapper.framework; includeInIndex = 0; path = Pods_mapnotestTests.framework; sourceTree = BUILT_PRODUCTS_DIR; };
		E8A293FFE74471AAE722C019 /* Pods-mapnotest-mapnotestUITests.release.xcconfig */ = {isa = PBXFileReference; includeInIndex = 1; lastKnownFileType = text.xcconfig; name = "Pods-mapnotest-mapnotestUITests.release.xcconfig"; path = "Target Support Files/Pods-mapnotest-mapnotestUITests/Pods-mapnotest-mapnotestUITests.release.xcconfig"; sourceTree = "<group>"; };
/* End PBXFileReference section */

/* Begin PBXFrameworksBuildPhase section */
		0AB094DB244C2CA500712978 /* Frameworks */ = {
			isa = PBXFrameworksBuildPhase;
			buildActionMask = 2147483647;
			files = (
				D846B4A90A6981D159FEA136 /* Pods_mapnotest.framework in Frameworks */,
			);
			runOnlyForDeploymentPostprocessing = 0;
		};
		0AB094F1244C2CA700712978 /* Frameworks */ = {
			isa = PBXFrameworksBuildPhase;
			buildActionMask = 2147483647;
			files = (
				4C66A03F85EAFB10AD2CD0C2 /* Pods_mapnotestTests.framework in Frameworks */,
			);
			runOnlyForDeploymentPostprocessing = 0;
		};
		0AB094FC244C2CA700712978 /* Frameworks */ = {
			isa = PBXFrameworksBuildPhase;
			buildActionMask = 2147483647;
			files = (
				F53FF9974C23951D46608BA6 /* Pods_mapnotest_mapnotestUITests.framework in Frameworks */,
			);
			runOnlyForDeploymentPostprocessing = 0;
		};
/* End PBXFrameworksBuildPhase section */

/* Begin PBXGroup section */
		0AB094D5244C2CA500712978 = {
			isa = PBXGroup;
			children = (
				0AB094E0244C2CA500712978 /* mapnotest */,
				0AB094F7244C2CA700712978 /* mapnotestTests */,
				0AB09502244C2CA700712978 /* mapnotestUITests */,
				0AB094DF244C2CA500712978 /* Products */,
				39F5559775F41EA2489BC94D /* Pods */,
				DD83656DD7C7C06316015239 /* Frameworks */,
			);
			sourceTree = "<group>";
		};
		0AB094DF244C2CA500712978 /* Products */ = {
			isa = PBXGroup;
			children = (
				0AB094DE244C2CA500712978 /* mapnotest.app */,
				0AB094F4244C2CA700712978 /* mapnotestTests.xctest */,
				0AB094FF244C2CA700712978 /* mapnotestUITests.xctest */,
			);
			name = Products;
			sourceTree = "<group>";
		};
		0AB094E0244C2CA500712978 /* mapnotest */ = {
			isa = PBXGroup;
			children = (
				0AB094E1244C2CA500712978 /* AppDelegate.swift */,
				0AB094E3244C2CA500712978 /* SceneDelegate.swift */,
				0AB094E5244C2CA500712978 /* ViewController.swift */,
				0A5AFDFC244C806B0071B0F3 /* style.json */,
				0AB094E7244C2CA500712978 /* Main.storyboard */,
				0AB094EA244C2CA700712978 /* Assets.xcassets */,
				0AB094EC244C2CA700712978 /* LaunchScreen.storyboard */,
				0AB094EF244C2CA700712978 /* Info.plist */,
			);
			path = mapnotest;
			sourceTree = "<group>";
		};
		0AB094F7244C2CA700712978 /* mapnotestTests */ = {
			isa = PBXGroup;
			children = (
				0AB094F8244C2CA700712978 /* mapnotestTests.swift */,
				0AB094FA244C2CA700712978 /* Info.plist */,
			);
			path = mapnotestTests;
			sourceTree = "<group>";
		};
		0AB09502244C2CA700712978 /* mapnotestUITests */ = {
			isa = PBXGroup;
			children = (
				0AB09503244C2CA700712978 /* mapnotestUITests.swift */,
				0AB09505244C2CA700712978 /* Info.plist */,
			);
			path = mapnotestUITests;
			sourceTree = "<group>";
		};
		39F5559775F41EA2489BC94D /* Pods */ = {
			isa = PBXGroup;
			children = (
				6CF95CDF9A209D4B611E7100 /* Pods-mapnotest.debug.xcconfig */,
				98CA1CA9C74902BE75B7769A /* Pods-mapnotest.release.xcconfig */,
				7D65C8D4F7F7B4064CCF1FF2 /* Pods-mapnotest-mapnotestUITests.debug.xcconfig */,
				E8A293FFE74471AAE722C019 /* Pods-mapnotest-mapnotestUITests.release.xcconfig */,
				0246AC116AF253F83106FA98 /* Pods-mapnotestTests.debug.xcconfig */,
				D3117C996949CF273EA2A1F5 /* Pods-mapnotestTests.release.xcconfig */,
			);
			path = Pods;
			sourceTree = "<group>";
		};
		DD83656DD7C7C06316015239 /* Frameworks */ = {
			isa = PBXGroup;
			children = (
				C024030B8AD0FCC35E33A873 /* Pods_mapnotest.framework */,
				BB1C1036023BA4710F956589 /* Pods_mapnotest_mapnotestUITests.framework */,
				DEF253C0C9EAA49ED689FD65 /* Pods_mapnotestTests.framework */,
			);
			name = Frameworks;
			sourceTree = "<group>";
		};
/* End PBXGroup section */

/* Begin PBXNativeTarget section */
		0AB094DD244C2CA500712978 /* mapnotest */ = {
			isa = PBXNativeTarget;
			buildConfigurationList = 0AB09508244C2CA700712978 /* Build configuration list for PBXNativeTarget "mapnotest" */;
			buildPhases = (
				587C776918943112B4525404 /* [CP] Check Pods Manifest.lock */,
				0AB094DA244C2CA500712978 /* Sources */,
				0AB094DB244C2CA500712978 /* Frameworks */,
				0AB094DC244C2CA500712978 /* Resources */,
				6C223B02F3F862F7EFADBFA1 /* [CP] Copy Pods Resources */,
			);
			buildRules = (
			);
			dependencies = (
			);
			name = mapnotest;
			productName = mapnotest;
			productReference = 0AB094DE244C2CA500712978 /* mapnotest.app */;
			productType = "com.apple.product-type.application";
		};
		0AB094F3244C2CA700712978 /* mapnotestTests */ = {
			isa = PBXNativeTarget;
			buildConfigurationList = 0AB0950B244C2CA700712978 /* Build configuration list for PBXNativeTarget "mapnotestTests" */;
			buildPhases = (
				C9AA525A5D20AAB79C8FA6D2 /* [CP] Check Pods Manifest.lock */,
				0AB094F0244C2CA700712978 /* Sources */,
				0AB094F1244C2CA700712978 /* Frameworks */,
				0AB094F2244C2CA700712978 /* Resources */,
			);
			buildRules = (
			);
			dependencies = (
				0AB094F6244C2CA700712978 /* PBXTargetDependency */,
			);
			name = mapnotestTests;
			productName = mapnotestTests;
			productReference = 0AB094F4244C2CA700712978 /* mapnotestTests.xctest */;
			productType = "com.apple.product-type.bundle.unit-test";
		};
		0AB094FE244C2CA700712978 /* mapnotestUITests */ = {
			isa = PBXNativeTarget;
			buildConfigurationList = 0AB0950E244C2CA700712978 /* Build configuration list for PBXNativeTarget "mapnotestUITests" */;
			buildPhases = (
				B76C8C48B4B76F6E6B2B2F25 /* [CP] Check Pods Manifest.lock */,
				0AB094FB244C2CA700712978 /* Sources */,
				0AB094FC244C2CA700712978 /* Frameworks */,
				0AB094FD244C2CA700712978 /* Resources */,
				5F1C2034A3B0D7F8BE77E1EB /* [CP] Copy Pods Resources */,
			);
			buildRules = (
			);
			dependencies = (
				0AB09501244C2CA700712978 /* PBXTargetDependency */,
			);
			name = mapnotestUITests;
			productName = mapnotestUITests;
			productReference = 0AB094FF244C2CA700712978 /* mapnotestUITests.xctest */;
			productType = "com.apple.product-type.bundle.ui-testing";
		};
/* End PBXNativeTarget section */

/* Begin PBXProject section */
		0AB094D6244C2CA500712978 /* Project object */ = {
			isa = PBXProject;
			attributes = {
				LastSwiftUpdateCheck = 1140;
				LastUpgradeCheck = 1140;
				ORGANIZATIONNAME = JotaroSugiyama;
				TargetAttributes = {
					0AB094DD244C2CA500712978 = {
						CreatedOnToolsVersion = 11.4;
					};
					0AB094F3244C2CA700712978 = {
						CreatedOnToolsVersion = 11.4;
						TestTargetID = 0AB094DD244C2CA500712978;
					};
					0AB094FE244C2CA700712978 = {
						CreatedOnToolsVersion = 11.4;
						TestTargetID = 0AB094DD244C2CA500712978;
					};
				};
			};
			buildConfigurationList = 0AB094D9244C2CA500712978 /* Build configuration list for PBXProject "mapnotest" */;
			compatibilityVersion = "Xcode 9.3";
			developmentRegion = en;
			hasScannedForEncodings = 0;
			knownRegions = (
				en,
				Base,
			);
			mainGroup = 0AB094D5244C2CA500712978;
			productRefGroup = 0AB094DF244C2CA500712978 /* Products */;
			projectDirPath = "";
			projectRoot = "";
			targets = (
				0AB094DD244C2CA500712978 /* mapnotest */,
				0AB094F3244C2CA700712978 /* mapnotestTests */,
				0AB094FE244C2CA700712978 /* mapnotestUITests */,
			);
		};
/* End PBXProject section */

/* Begin PBXResourcesBuildPhase section */
		0AB094DC244C2CA500712978 /* Resources */ = {
			isa = PBXResourcesBuildPhase;
			buildActionMask = 2147483647;
			files = (
				0AB094EE244C2CA700712978 /* LaunchScreen.storyboard in Resources */,
				0AB094EB244C2CA700712978 /* Assets.xcassets in Resources */,
				0AB094E9244C2CA500712978 /* Main.storyboard in Resources */,
				0A5AFDFD244C81550071B0F3 /* style.json in Resources */,
			);
			runOnlyForDeploymentPostprocessing = 0;
		};
		0AB094F2244C2CA700712978 /* Resources */ = {
			isa = PBXResourcesBuildPhase;
			buildActionMask = 2147483647;
			files = (
			);
			runOnlyForDeploymentPostprocessing = 0;
		};
		0AB094FD244C2CA700712978 /* Resources */ = {
			isa = PBXResourcesBuildPhase;
			buildActionMask = 2147483647;
			files = (
			);
			runOnlyForDeploymentPostprocessing = 0;
		};
/* End PBXResourcesBuildPhase section */

/* Begin PBXShellScriptBuildPhase section */
		587C776918943112B4525404 /* [CP] Check Pods Manifest.lock */ = {
			isa = PBXShellScriptBuildPhase;
			buildActionMask = 2147483647;
			files = (
			);
			inputFileListPaths = (
			);
			inputPaths = (
				"${PODS_PODFILE_DIR_PATH}/Podfile.lock",
				"${PODS_ROOT}/Manifest.lock",
			);
			name = "[CP] Check Pods Manifest.lock";
			outputFileListPaths = (
			);
			outputPaths = (
				"$(DERIVED_FILE_DIR)/Pods-mapnotest-checkManifestLockResult.txt",
			);
			runOnlyForDeploymentPostprocessing = 0;
			shellPath = /bin/sh;
			shellScript = "diff \"${PODS_PODFILE_DIR_PATH}/Podfile.lock\" \"${PODS_ROOT}/Manifest.lock\" > /dev/null\nif [ $? != 0 ] ; then\n    # print error to STDERR\n    echo \"error: The sandbox is not in sync with the Podfile.lock. Run 'pod install' or update your CocoaPods installation.\" >&2\n    exit 1\nfi\n# This output is used by Xcode 'outputs' to avoid re-running this script phase.\necho \"SUCCESS\" > \"${SCRIPT_OUTPUT_FILE_0}\"\n";
			showEnvVarsInLog = 0;
		};
		5F1C2034A3B0D7F8BE77E1EB /* [CP] Copy Pods Resources */ = {
			isa = PBXShellScriptBuildPhase;
			buildActionMask = 2147483647;
			files = (
			);
			inputFileListPaths = (
				"${PODS_ROOT}/Target Support Files/Pods-mapnotest-mapnotestUITests/Pods-mapnotest-mapnotestUITests-resources-${CONFIGURATION}-input-files.xcfilelist",
			);
			name = "[CP] Copy Pods Resources";
			outputFileListPaths = (
				"${PODS_ROOT}/Target Support Files/Pods-mapnotest-mapnotestUITests/Pods-mapnotest-mapnotestUITests-resources-${CONFIGURATION}-output-files.xcfilelist",
			);
			runOnlyForDeploymentPostprocessing = 0;
			shellPath = /bin/sh;
			shellScript = "\"${PODS_ROOT}/Target Support Files/Pods-mapnotest-mapnotestUITests/Pods-mapnotest-mapnotestUITests-resources.sh\"\n";
			showEnvVarsInLog = 0;
		};
		6C223B02F3F862F7EFADBFA1 /* [CP] Copy Pods Resources */ = {
			isa = PBXShellScriptBuildPhase;
			buildActionMask = 2147483647;
			files = (
			);
			inputFileListPaths = (
				"${PODS_ROOT}/Target Support Files/Pods-mapnotest/Pods-mapnotest-resources-${CONFIGURATION}-input-files.xcfilelist",
			);
			name = "[CP] Copy Pods Resources";
			outputFileListPaths = (
				"${PODS_ROOT}/Target Support Files/Pods-mapnotest/Pods-mapnotest-resources-${CONFIGURATION}-output-files.xcfilelist",
			);
			runOnlyForDeploymentPostprocessing = 0;
			shellPath = /bin/sh;
			shellScript = "\"${PODS_ROOT}/Target Support Files/Pods-mapnotest/Pods-mapnotest-resources.sh\"\n";
			showEnvVarsInLog = 0;
		};
		B76C8C48B4B76F6E6B2B2F25 /* [CP] Check Pods Manifest.lock */ = {
			isa = PBXShellScriptBuildPhase;
			buildActionMask = 2147483647;
			files = (
			);
			inputFileListPaths = (
			);
			inputPaths = (
				"${PODS_PODFILE_DIR_PATH}/Podfile.lock",
				"${PODS_ROOT}/Manifest.lock",
			);
			name = "[CP] Check Pods Manifest.lock";
			outputFileListPaths = (
			);
			outputPaths = (
				"$(DERIVED_FILE_DIR)/Pods-mapnotest-mapnotestUITests-checkManifestLockResult.txt",
			);
			runOnlyForDeploymentPostprocessing = 0;
			shellPath = /bin/sh;
			shellScript = "diff \"${PODS_PODFILE_DIR_PATH}/Podfile.lock\" \"${PODS_ROOT}/Manifest.lock\" > /dev/null\nif [ $? != 0 ] ; then\n    # print error to STDERR\n    echo \"error: The sandbox is not in sync with the Podfile.lock. Run 'pod install' or update your CocoaPods installation.\" >&2\n    exit 1\nfi\n# This output is used by Xcode 'outputs' to avoid re-running this script phase.\necho \"SUCCESS\" > \"${SCRIPT_OUTPUT_FILE_0}\"\n";
			showEnvVarsInLog = 0;
		};
		C9AA525A5D20AAB79C8FA6D2 /* [CP] Check Pods Manifest.lock */ = {
			isa = PBXShellScriptBuildPhase;
			buildActionMask = 2147483647;
			files = (
			);
			inputFileListPaths = (
			);
			inputPaths = (
				"${PODS_PODFILE_DIR_PATH}/Podfile.lock",
				"${PODS_ROOT}/Manifest.lock",
			);
			name = "[CP] Check Pods Manifest.lock";
			outputFileListPaths = (
			);
			outputPaths = (
				"$(DERIVED_FILE_DIR)/Pods-mapnotestTests-checkManifestLockResult.txt",
			);
			runOnlyForDeploymentPostprocessing = 0;
			shellPath = /bin/sh;
			shellScript = "diff \"${PODS_PODFILE_DIR_PATH}/Podfile.lock\" \"${PODS_ROOT}/Manifest.lock\" > /dev/null\nif [ $? != 0 ] ; then\n    # print error to STDERR\n    echo \"error: The sandbox is not in sync with the Podfile.lock. Run 'pod install' or update your CocoaPods installation.\" >&2\n    exit 1\nfi\n# This output is used by Xcode 'outputs' to avoid re-running this script phase.\necho \"SUCCESS\" > \"${SCRIPT_OUTPUT_FILE_0}\"\n";
			showEnvVarsInLog = 0;
		};
/* End PBXShellScriptBuildPhase section */

/* Begin PBXSourcesBuildPhase section */
		0AB094DA244C2CA500712978 /* Sources */ = {
			isa = PBXSourcesBuildPhase;
			buildActionMask = 2147483647;
			files = (
				0AB094E6244C2CA500712978 /* ViewController.swift in Sources */,
				0AB094E2244C2CA500712978 /* AppDelegate.swift in Sources */,
				0AB094E4244C2CA500712978 /* SceneDelegate.swift in Sources */,
			);
			runOnlyForDeploymentPostprocessing = 0;
		};
		0AB094F0244C2CA700712978 /* Sources */ = {
			isa = PBXSourcesBuildPhase;
			buildActionMask = 2147483647;
			files = (
				0AB094F9244C2CA700712978 /* mapnotestTests.swift in Sources */,
			);
			runOnlyForDeploymentPostprocessing = 0;
		};
		0AB094FB244C2CA700712978 /* Sources */ = {
			isa = PBXSourcesBuildPhase;
			buildActionMask = 2147483647;
			files = (
				0AB09504244C2CA700712978 /* mapnotestUITests.swift in Sources */,
			);
			runOnlyForDeploymentPostprocessing = 0;
		};
/* End PBXSourcesBuildPhase section */

/* Begin PBXTargetDependency section */
		0AB094F6244C2CA700712978 /* PBXTargetDependency */ = {
			isa = PBXTargetDependency;
			target = 0AB094DD244C2CA500712978 /* mapnotest */;
			targetProxy = 0AB094F5244C2CA700712978 /* PBXContainerItemProxy */;
		};
		0AB09501244C2CA700712978 /* PBXTargetDependency */ = {
			isa = PBXTargetDependency;
			target = 0AB094DD244C2CA500712978 /* mapnotest */;
			targetProxy = 0AB09500244C2CA700712978 /* PBXContainerItemProxy */;
		};
/* End PBXTargetDependency section */

/* Begin PBXVariantGroup section */
		0AB094E7244C2CA500712978 /* Main.storyboard */ = {
			isa = PBXVariantGroup;
			children = (
				0AB094E8244C2CA500712978 /* Base */,
			);
			name = Main.storyboard;
			sourceTree = "<group>";
		};
		0AB094EC244C2CA700712978 /* LaunchScreen.storyboard */ = {
			isa = PBXVariantGroup;
			children = (
				0AB094ED244C2CA700712978 /* Base */,
			);
			name = LaunchScreen.storyboard;
			sourceTree = "<group>";
		};
/* End PBXVariantGroup section */

/* Begin XCBuildConfiguration section */
		0AB09506244C2CA700712978 /* Debug */ = {
			isa = XCBuildConfiguration;
			buildSettings = {
				ALWAYS_SEARCH_USER_PATHS = NO;
				CLANG_ANALYZER_NONNULL = YES;
				CLANG_ANALYZER_NUMBER_OBJECT_CONVERSION = YES_AGGRESSIVE;
				CLANG_CXX_LANGUAGE_STANDARD = "gnu++14";
				CLANG_CXX_LIBRARY = "libc++";
				CLANG_ENABLE_MODULES = YES;
				CLANG_ENABLE_OBJC_ARC = YES;
				CLANG_ENABLE_OBJC_WEAK = YES;
				CLANG_WARN_BLOCK_CAPTURE_AUTORELEASING = YES;
				CLANG_WARN_BOOL_CONVERSION = YES;
				CLANG_WARN_COMMA = YES;
				CLANG_WARN_CONSTANT_CONVERSION = YES;
				CLANG_WARN_DEPRECATED_OBJC_IMPLEMENTATIONS = YES;
				CLANG_WARN_DIRECT_OBJC_ISA_USAGE = YES_ERROR;
				CLANG_WARN_DOCUMENTATION_COMMENTS = YES;
				CLANG_WARN_EMPTY_BODY = YES;
				CLANG_WARN_ENUM_CONVERSION = YES;
				CLANG_WARN_INFINITE_RECURSION = YES;
				CLANG_WARN_INT_CONVERSION = YES;
				CLANG_WARN_NON_LITERAL_NULL_CONVERSION = YES;
				CLANG_WARN_OBJC_IMPLICIT_RETAIN_SELF = YES;
				CLANG_WARN_OBJC_LITERAL_CONVERSION = YES;
				CLANG_WARN_OBJC_ROOT_CLASS = YES_ERROR;
				CLANG_WARN_RANGE_LOOP_ANALYSIS = YES;
				CLANG_WARN_STRICT_PROTOTYPES = YES;
				CLANG_WARN_SUSPICIOUS_MOVE = YES;
				CLANG_WARN_UNGUARDED_AVAILABILITY = YES_AGGRESSIVE;
				CLANG_WARN_UNREACHABLE_CODE = YES;
				CLANG_WARN__DUPLICATE_METHOD_MATCH = YES;
				COPY_PHASE_STRIP = NO;
				DEBUG_INFORMATION_FORMAT = dwarf;
				ENABLE_STRICT_OBJC_MSGSEND = YES;
				ENABLE_TESTABILITY = YES;
				GCC_C_LANGUAGE_STANDARD = gnu11;
				GCC_DYNAMIC_NO_PIC = NO;
				GCC_NO_COMMON_BLOCKS = YES;
				GCC_OPTIMIZATION_LEVEL = 0;
				GCC_PREPROCESSOR_DEFINITIONS = (
					"DEBUG=1",
					"$(inherited)",
				);
				GCC_WARN_64_TO_32_BIT_CONVERSION = YES;
				GCC_WARN_ABOUT_RETURN_TYPE = YES_ERROR;
				GCC_WARN_UNDECLARED_SELECTOR = YES;
				GCC_WARN_UNINITIALIZED_AUTOS = YES_AGGRESSIVE;
				GCC_WARN_UNUSED_FUNCTION = YES;
				GCC_WARN_UNUSED_VARIABLE = YES;
				IPHONEOS_DEPLOYMENT_TARGET = 13.4;
				MTL_ENABLE_DEBUG_INFO = INCLUDE_SOURCE;
				MTL_FAST_MATH = YES;
				ONLY_ACTIVE_ARCH = YES;
				SDKROOT = iphoneos;
				SWIFT_ACTIVE_COMPILATION_CONDITIONS = DEBUG;
				SWIFT_OPTIMIZATION_LEVEL = "-Onone";
			};
			name = Debug;
		};
		0AB09507244C2CA700712978 /* Release */ = {
			isa = XCBuildConfiguration;
			buildSettings = {
				ALWAYS_SEARCH_USER_PATHS = NO;
				CLANG_ANALYZER_NONNULL = YES;
				CLANG_ANALYZER_NUMBER_OBJECT_CONVERSION = YES_AGGRESSIVE;
				CLANG_CXX_LANGUAGE_STANDARD = "gnu++14";
				CLANG_CXX_LIBRARY = "libc++";
				CLANG_ENABLE_MODULES = YES;
				CLANG_ENABLE_OBJC_ARC = YES;
				CLANG_ENABLE_OBJC_WEAK = YES;
				CLANG_WARN_BLOCK_CAPTURE_AUTORELEASING = YES;
				CLANG_WARN_BOOL_CONVERSION = YES;
				CLANG_WARN_COMMA = YES;
				CLANG_WARN_CONSTANT_CONVERSION = YES;
				CLANG_WARN_DEPRECATED_OBJC_IMPLEMENTATIONS = YES;
				CLANG_WARN_DIRECT_OBJC_ISA_USAGE = YES_ERROR;
				CLANG_WARN_DOCUMENTATION_COMMENTS = YES;
				CLANG_WARN_EMPTY_BODY = YES;
				CLANG_WARN_ENUM_CONVERSION = YES;
				CLANG_WARN_INFINITE_RECURSION = YES;
				CLANG_WARN_INT_CONVERSION = YES;
				CLANG_WARN_NON_LITERAL_NULL_CONVERSION = YES;
				CLANG_WARN_OBJC_IMPLICIT_RETAIN_SELF = YES;
				CLANG_WARN_OBJC_LITERAL_CONVERSION = YES;
				CLANG_WARN_OBJC_ROOT_CLASS = YES_ERROR;
				CLANG_WARN_RANGE_LOOP_ANALYSIS = YES;
				CLANG_WARN_STRICT_PROTOTYPES = YES;
				CLANG_WARN_SUSPICIOUS_MOVE = YES;
				CLANG_WARN_UNGUARDED_AVAILABILITY = YES_AGGRESSIVE;
				CLANG_WARN_UNREACHABLE_CODE = YES;
				CLANG_WARN__DUPLICATE_METHOD_MATCH = YES;
				COPY_PHASE_STRIP = NO;
				DEBUG_INFORMATION_FORMAT = "dwarf-with-dsym";
				ENABLE_NS_ASSERTIONS = NO;
				ENABLE_STRICT_OBJC_MSGSEND = YES;
				GCC_C_LANGUAGE_STANDARD = gnu11;
				GCC_NO_COMMON_BLOCKS = YES;
				GCC_WARN_64_TO_32_BIT_CONVERSION = YES;
				GCC_WARN_ABOUT_RETURN_TYPE = YES_ERROR;
				GCC_WARN_UNDECLARED_SELECTOR = YES;
				GCC_WARN_UNINITIALIZED_AUTOS = YES_AGGRESSIVE;
				GCC_WARN_UNUSED_FUNCTION = YES;
				GCC_WARN_UNUSED_VARIABLE = YES;
				IPHONEOS_DEPLOYMENT_TARGET = 13.4;
				MTL_ENABLE_DEBUG_INFO = NO;
				MTL_FAST_MATH = YES;
				SDKROOT = iphoneos;
				SWIFT_COMPILATION_MODE = wholemodule;
				SWIFT_OPTIMIZATION_LEVEL = "-O";
				VALIDATE_PRODUCT = YES;
			};
			name = Release;
		};
		0AB09509244C2CA700712978 /* Debug */ = {
			isa = XCBuildConfiguration;
			baseConfigurationReference = 6CF95CDF9A209D4B611E7100 /* Pods-mapnotest.debug.xcconfig */;
			buildSettings = {
				ASSETCATALOG_COMPILER_APPICON_NAME = AppIcon;
				CODE_SIGN_STYLE = Automatic;
				DEVELOPMENT_TEAM = 3V8797S66Q;
				INFOPLIST_FILE = mapnotest/Info.plist;
				LD_RUNPATH_SEARCH_PATHS = (
					"$(inherited)",
					"@executable_path/Frameworks",
				);
				PRODUCT_BUNDLE_IDENTIFIER = sugijo.mapnotest;
				PRODUCT_NAME = "$(TARGET_NAME)";
				SWIFT_VERSION = 5.0;
				TARGETED_DEVICE_FAMILY = "1,2";
			};
			name = Debug;
		};
		0AB0950A244C2CA700712978 /* Release */ = {
			isa = XCBuildConfiguration;
			baseConfigurationReference = 98CA1CA9C74902BE75B7769A /* Pods-mapnotest.release.xcconfig */;
			buildSettings = {
				ASSETCATALOG_COMPILER_APPICON_NAME = AppIcon;
				CODE_SIGN_STYLE = Automatic;
				DEVELOPMENT_TEAM = 3V8797S66Q;
				INFOPLIST_FILE = mapnotest/Info.plist;
				LD_RUNPATH_SEARCH_PATHS = (
					"$(inherited)",
					"@executable_path/Frameworks",
				);
				PRODUCT_BUNDLE_IDENTIFIER = sugijo.mapnotest;
				PRODUCT_NAME = "$(TARGET_NAME)";
				SWIFT_VERSION = 5.0;
				TARGETED_DEVICE_FAMILY = "1,2";
			};
			name = Release;
		};
		0AB0950C244C2CA700712978 /* Debug */ = {
			isa = XCBuildConfiguration;
			baseConfigurationReference = 0246AC116AF253F83106FA98 /* Pods-mapnotestTests.debug.xcconfig */;
			buildSettings = {
				ALWAYS_EMBED_SWIFT_STANDARD_LIBRARIES = YES;
				BUNDLE_LOADER = "$(TEST_HOST)";
				CODE_SIGN_STYLE = Automatic;
				DEVELOPMENT_TEAM = 3V8797S66Q;
				INFOPLIST_FILE = mapnotestTests/Info.plist;
				IPHONEOS_DEPLOYMENT_TARGET = 13.4;
				LD_RUNPATH_SEARCH_PATHS = (
					"$(inherited)",
					"@executable_path/Frameworks",
					"@loader_path/Frameworks",
				);
				PRODUCT_BUNDLE_IDENTIFIER = sugijo.mapnotestTests;
				PRODUCT_NAME = "$(TARGET_NAME)";
				SWIFT_VERSION = 5.0;
				TARGETED_DEVICE_FAMILY = "1,2";
				TEST_HOST = "$(BUILT_PRODUCTS_DIR)/mapnotest.app/mapnotest";
			};
			name = Debug;
		};
		0AB0950D244C2CA700712978 /* Release */ = {
			isa = XCBuildConfiguration;
			baseConfigurationReference = D3117C996949CF273EA2A1F5 /* Pods-mapnotestTests.release.xcconfig */;
			buildSettings = {
				ALWAYS_EMBED_SWIFT_STANDARD_LIBRARIES = YES;
				BUNDLE_LOADER = "$(TEST_HOST)";
				CODE_SIGN_STYLE = Automatic;
				DEVELOPMENT_TEAM = 3V8797S66Q;
				INFOPLIST_FILE = mapnotestTests/Info.plist;
				IPHONEOS_DEPLOYMENT_TARGET = 13.4;
				LD_RUNPATH_SEARCH_PATHS = (
					"$(inherited)",
					"@executable_path/Frameworks",
					"@loader_path/Frameworks",
				);
				PRODUCT_BUNDLE_IDENTIFIER = sugijo.mapnotestTests;
				PRODUCT_NAME = "$(TARGET_NAME)";
				SWIFT_VERSION = 5.0;
				TARGETED_DEVICE_FAMILY = "1,2";
				TEST_HOST = "$(BUILT_PRODUCTS_DIR)/mapnotest.app/mapnotest";
			};
			name = Release;
		};
		0AB0950F244C2CA700712978 /* Debug */ = {
			isa = XCBuildConfiguration;
			baseConfigurationReference = 7D65C8D4F7F7B4064CCF1FF2 /* Pods-mapnotest-mapnotestUITests.debug.xcconfig */;
			buildSettings = {
				ALWAYS_EMBED_SWIFT_STANDARD_LIBRARIES = YES;
				CODE_SIGN_STYLE = Automatic;
				DEVELOPMENT_TEAM = 3V8797S66Q;
				INFOPLIST_FILE = mapnotestUITests/Info.plist;
				LD_RUNPATH_SEARCH_PATHS = (
					"$(inherited)",
					"@executable_path/Frameworks",
					"@loader_path/Frameworks",
				);
				PRODUCT_BUNDLE_IDENTIFIER = sugijo.mapnotestUITests;
				PRODUCT_NAME = "$(TARGET_NAME)";
				SWIFT_VERSION = 5.0;
				TARGETED_DEVICE_FAMILY = "1,2";
				TEST_TARGET_NAME = mapnotest;
			};
			name = Debug;
		};
		0AB09510244C2CA700712978 /* Release */ = {
			isa = XCBuildConfiguration;
			baseConfigurationReference = E8A293FFE74471AAE722C019 /* Pods-mapnotest-mapnotestUITests.release.xcconfig */;
			buildSettings = {
				ALWAYS_EMBED_SWIFT_STANDARD_LIBRARIES = YES;
				CODE_SIGN_STYLE = Automatic;
				DEVELOPMENT_TEAM = 3V8797S66Q;
				INFOPLIST_FILE = mapnotestUITests/Info.plist;
				LD_RUNPATH_SEARCH_PATHS = (
					"$(inherited)",
					"@executable_path/Frameworks",
					"@loader_path/Frameworks",
				);
				PRODUCT_BUNDLE_IDENTIFIER = sugijo.mapnotestUITests;
				PRODUCT_NAME = "$(TARGET_NAME)";
				SWIFT_VERSION = 5.0;
				TARGETED_DEVICE_FAMILY = "1,2";
				TEST_TARGET_NAME = mapnotest;
			};
			name = Release;
		};
/* End XCBuildConfiguration section */

/* Begin XCConfigurationList section */
		0AB094D9244C2CA500712978 /* Build configuration list for PBXProject "mapnotest" */ = {
			isa = XCConfigurationList;
			buildConfigurations = (
				0AB09506244C2CA700712978 /* Debug */,
				0AB09507244C2CA700712978 /* Release */,
			);
			defaultConfigurationIsVisible = 0;
			defaultConfigurationName = Release;
		};
		0AB09508244C2CA700712978 /* Build configuration list for PBXNativeTarget "mapnotest" */ = {
			isa = XCConfigurationList;
			buildConfigurations = (
				0AB09509244C2CA700712978 /* Debug */,
				0AB0950A244C2CA700712978 /* Release */,
			);
			defaultConfigurationIsVisible = 0;
			defaultConfigurationName = Release;
		};
		0AB0950B244C2CA700712978 /* Build configuration list for PBXNativeTarget "mapnotestTests" */ = {
			isa = XCConfigurationList;
			buildConfigurations = (
				0AB0950C244C2CA700712978 /* Debug */,
				0AB0950D244C2CA700712978 /* Release */,
			);
			defaultConfigurationIsVisible = 0;
			defaultConfigurationName = Release;
		};
		0AB0950E244C2CA700712978 /* Build configuration list for PBXNativeTarget "mapnotestUITests" */ = {
			isa = XCConfigurationList;
			buildConfigurations = (
				0AB0950F244C2CA700712978 /* Debug */,
				0AB09510244C2CA700712978 /* Release */,
			);
			defaultConfigurationIsVisible = 0;
			defaultConfigurationName = Release;
		};
/* End XCConfigurationList section */
	};
	rootObject = 0AB094D6244C2CA500712978 /* Project object */;
}
